{
  "name": "vuepress-to-wordpress",
  "version": "1.0.0",
  "lockfileVersion": 1,
  "requires": true,
  "dependencies": {
    "sax": {
      "version": "0.4.2",
      "resolved": "http://192.168.10.58:4873/sax/-/sax-0.4.2.tgz",
      "integrity": "sha1-OfO2AXM9a+yXEFskKipA/Wl4rDw=",
      "dev": true
    },
    "wordpress-rpc": {
      "version": "0.1.6",
      "resolved": "http://192.168.10.58:4873/wordpress-rpc/-/wordpress-rpc-0.1.6.tgz",
      "integrity": "sha1-ps9y5Lk2IodyxqMTcSfSkFjotQE=",
      "dev": true,
      "requires": {
        "xml2js": "0.2.6"
      },
      "dependencies": {
        "xml2js": {
          "version": "0.2.6",
          "resolved": "http://192.168.10.58:4873/xml2js/-/xml2js-0.2.6.tgz",
          "integrity": "sha1-0gnE5N2h/JxFIUHvQcB39a399sQ=",
          "dev": true,
          "requires": {
            "sax": "0.4.2"
          }
        }
      }
    },
    "xml2js": {
      "version": "0.4.23",
      "resolved": "http://192.168.10.58:4873/xml2js/-/xml2js-0.4.23.tgz",
      "integrity": "sha1-oMaVFnUkIesqx1juTUzPWIQ+rGY=",
      "dev": true,
      "requires": {
        "sax": ">=0.6.0",
        "xmlbuilder": "~11.0.0"
      },
      "dependencies": {
        "sax": {
          "version": "1.2.4",
          "resolved": "http://192.168.10.58:4873/sax/-/sax-1.2.4.tgz",
          "integrity": "sha1-KBYjTiN4vdxOU1T6tcqold9xANk=",
          "dev": true
        }
      }
    },
    "xmlbuilder": {
      "version": "11.0.1",
      "resolved": "http://192.168.10.58:4873/xmlbuilder/-/xmlbuilder-11.0.1.tgz",
      "integrity": "sha1-vpuuHIoEbnazESdyY0fQrXACvrM=",
      "dev": true
    }
  }
}
