{
  "name": "vuepress-plugin-to-wordpress",
  "version": "1.0.0-beta.13",
  "lockfileVersion": 1,
  "requires": true,
  "dependencies": {
    "sax": {
      "version": "0.4.2",
      "resolved": "http://npm.hcloud.hydee.cn/sax/-/sax-0.4.2.tgz",
      "integrity": "sha1-OfO2AXM9a+yXEFskKipA/Wl4rDw=",
      "dev": true
    },
    "wordpress-rpc": {
      "version": "0.1.6",
      "resolved": "http://npm.hcloud.hydee.cn/wordpress-rpc/-/wordpress-rpc-0.1.6.tgz",
      "integrity": "sha1-ps9y5Lk2IodyxqMTcSfSkFjotQE=",
      "dev": true,
      "requires": {
        "xml2js": "0.2.6"
      }
    },
    "xml2js": {
      "version": "0.2.6",
      "resolved": "http://npm.hcloud.hydee.cn/xml2js/-/xml2js-0.2.6.tgz",
      "integrity": "sha1-0gnE5N2h/JxFIUHvQcB39a399sQ=",
      "dev": true,
      "requires": {
        "sax": "0.4.2"
      }
    }
  }
}
